
Microsoft Visual Studio Solution File, Format Version 12.00
# Visual Studio Version 17
VisualStudioVersion = 17.3.32825.248
MinimumVisualStudioVersion = 10.0.40219.1
Project("{9A19103F-16F7-4668-BE54-9A1E7A4F7556}") = "Turtle", "Turtle\Turtle.csproj", "{B45B4C3E-A235-4356-951D-AE4554081152}"
EndProject
Project("{9A19103F-16F7-4668-BE54-9A1E7A4F7556}") = "NoGame", "NoGame\NoGame.csproj", "{C5C25988-314E-4F3E-99B4-4330EF1E90B2}"
EndProject
Global
	GlobalSection(SolutionConfigurationPlatforms) = preSolution
		Debug|Any CPU = Debug|Any CPU
		Release|Any CPU = Release|Any CPU
	EndGlobalSection
	GlobalSection(ProjectConfigurationPlatforms) = postSolution
		{B45B4C3E-A235-4356-951D-AE4554081152}.Debug|Any CPU.ActiveCfg = Debug|Any CPU
		{B45B4C3E-A235-4356-951D-AE4554081152}.Debug|Any CPU.Build.0 = Debug|Any CPU
		{B45B4C3E-A235-4356-951D-AE4554081152}.Release|Any CPU.ActiveCfg = Release|Any CPU
		{B45B4C3E-A235-4356-951D-AE4554081152}.Release|Any CPU.Build.0 = Release|Any CPU
		{C5C25988-314E-4F3E-99B4-4330EF1E90B2}.Debug|Any CPU.ActiveCfg = Debug|Any CPU
		{C5C25988-314E-4F3E-99B4-4330EF1E90B2}.Debug|Any CPU.Build.0 = Debug|Any CPU
		{C5C25988-314E-4F3E-99B4-4330EF1E90B2}.Release|Any CPU.ActiveCfg = Release|Any CPU
		{C5C25988-314E-4F3E-99B4-4330EF1E90B2}.Release|Any CPU.Build.0 = Release|Any CPU
	EndGlobalSection
	GlobalSection(SolutionProperties) = preSolution
		HideSolutionNode = FALSE
	EndGlobalSection
	GlobalSection(ExtensibilityGlobals) = postSolution
		SolutionGuid = {BAC9DAD8-2F24-4679-9C0C-8565ACEBA9DB}
	EndGlobalSection
EndGlobal
